
Microsoft Visual Studio Solution File, Format Version 12.00
# Visual Studio Version 16
VisualStudioVersion = 16.0.28315.86
MinimumVisualStudioVersion = 10.0.40219.1
Project("{2150E333-8FDC-42A3-9474-1A3956D46DE8}") = "Engine", "Engine", "{94A6C6F3-99B3-346E-9557-ABF9D4064DBD}"
EndProject
Project("{2150E333-8FDC-42A3-9474-1A3956D46DE8}") = "Games", "Games", "{8E2F6A87-1826-34F4-940C-CC23A48F9FE4}"
EndProject
Project("{8BC9CEB8-8B4A-11D0-8D11-00A0C91BC942}") = "UE4", "Intermediate\ProjectFiles\UE4.vcxproj", "{19A47954-6E8C-4927-B3D5-5D59BFC9954C}"
EndProject
Project("{8BC9CEB8-8B4A-11D0-8D11-00A0C91BC942}") = "BP_Mqtt", "Intermediate\ProjectFiles\BP_Mqtt.vcxproj", "{EFF6DB79-352B-43B4-A929-BC5D7E50980D}"
EndProject
Project("{2150E333-8FDC-42A3-9474-1A3956D46DE8}") = "Visualizers", "Visualizers", "{1CCEC849-CC72-4C59-8C36-2F7C38706D4C}"
	ProjectSection(SolutionItems) = preProject
		C:\Program Files\Epic Games\UE_4.25\Engine\Extras\VisualStudioDebugging\UE4.natvis = C:\Program Files\Epic Games\UE_4.25\Engine\Extras\VisualStudioDebugging\UE4.natvis
	EndProjectSection
EndProject
Global
	GlobalSection(SolutionConfigurationPlatforms) = preSolution
		DebugGame Editor|Linux = DebugGame Editor|Linux
		DebugGame Editor|LinuxAArch64 = DebugGame Editor|LinuxAArch64
		DebugGame Editor|Win32 = DebugGame Editor|Win32
		DebugGame Editor|Win64 = DebugGame Editor|Win64
		DebugGame|Linux = DebugGame|Linux
		DebugGame|LinuxAArch64 = DebugGame|LinuxAArch64
		DebugGame|Win32 = DebugGame|Win32
		DebugGame|Win64 = DebugGame|Win64
		Development Editor|Linux = Development Editor|Linux
		Development Editor|LinuxAArch64 = Development Editor|LinuxAArch64
		Development Editor|Win32 = Development Editor|Win32
		Development Editor|Win64 = Development Editor|Win64
		Development|Linux = Development|Linux
		Development|LinuxAArch64 = Development|LinuxAArch64
		Development|Win32 = Development|Win32
		Development|Win64 = Development|Win64
		Shipping|Linux = Shipping|Linux
		Shipping|LinuxAArch64 = Shipping|LinuxAArch64
		Shipping|Win32 = Shipping|Win32
		Shipping|Win64 = Shipping|Win64
	EndGlobalSection
	GlobalSection(ProjectConfigurationPlatforms) = postSolution
		{19A47954-6E8C-4927-B3D5-5D59BFC9954C}.DebugGame Editor|Linux.ActiveCfg = BuiltWithUnrealBuildTool|Win32
		{19A47954-6E8C-4927-B3D5-5D59BFC9954C}.DebugGame Editor|LinuxAArch64.ActiveCfg = BuiltWithUnrealBuildTool|Win32
		{19A47954-6E8C-4927-B3D5-5D59BFC9954C}.DebugGame Editor|Win32.ActiveCfg = BuiltWithUnrealBuildTool|Win32
		{19A47954-6E8C-4927-B3D5-5D59BFC9954C}.DebugGame Editor|Win64.ActiveCfg = BuiltWithUnrealBuildTool|Win32
		{19A47954-6E8C-4927-B3D5-5D59BFC9954C}.DebugGame|Linux.ActiveCfg = BuiltWithUnrealBuildTool|Win32
		{19A47954-6E8C-4927-B3D5-5D59BFC9954C}.DebugGame|LinuxAArch64.ActiveCfg = BuiltWithUnrealBuildTool|Win32
		{19A47954-6E8C-4927-B3D5-5D59BFC9954C}.DebugGame|Win32.ActiveCfg = BuiltWithUnrealBuildTool|Win32
		{19A47954-6E8C-4927-B3D5-5D59BFC9954C}.DebugGame|Win64.ActiveCfg = BuiltWithUnrealBuildTool|Win32
		{19A47954-6E8C-4927-B3D5-5D59BFC9954C}.Development Editor|Linux.ActiveCfg = BuiltWithUnrealBuildTool|Win32
		{19A47954-6E8C-4927-B3D5-5D59BFC9954C}.Development Editor|LinuxAArch64.ActiveCfg = BuiltWithUnrealBuildTool|Win32
		{19A47954-6E8C-4927-B3D5-5D59BFC9954C}.Development Editor|Win32.ActiveCfg = BuiltWithUnrealBuildTool|Win32
		{19A47954-6E8C-4927-B3D5-5D59BFC9954C}.Development Editor|Win64.ActiveCfg = BuiltWithUnrealBuildTool|Win32
		{19A47954-6E8C-4927-B3D5-5D59BFC9954C}.Development|Linux.ActiveCfg = BuiltWithUnrealBuildTool|Win32
		{19A47954-6E8C-4927-B3D5-5D59BFC9954C}.Development|LinuxAArch64.ActiveCfg = BuiltWithUnrealBuildTool|Win32
		{19A47954-6E8C-4927-B3D5-5D59BFC9954C}.Development|Win32.ActiveCfg = BuiltWithUnrealBuildTool|Win32
		{19A47954-6E8C-4927-B3D5-5D59BFC9954C}.Development|Win64.ActiveCfg = BuiltWithUnrealBuildTool|Win32
		{19A47954-6E8C-4927-B3D5-5D59BFC9954C}.Shipping|Linux.ActiveCfg = BuiltWithUnrealBuildTool|Win32
		{19A47954-6E8C-4927-B3D5-5D59BFC9954C}.Shipping|LinuxAArch64.ActiveCfg = BuiltWithUnrealBuildTool|Win32
		{19A47954-6E8C-4927-B3D5-5D59BFC9954C}.Shipping|Win32.ActiveCfg = BuiltWithUnrealBuildTool|Win32
		{19A47954-6E8C-4927-B3D5-5D59BFC9954C}.Shipping|Win64.ActiveCfg = BuiltWithUnrealBuildTool|Win32
		{EFF6DB79-352B-43B4-A929-BC5D7E50980D}.DebugGame Editor|Linux.ActiveCfg = Linux_DebugGame_Editor|Win32
		{EFF6DB79-352B-43B4-A929-BC5D7E50980D}.DebugGame Editor|Linux.Build.0 = Linux_DebugGame_Editor|Win32
		{EFF6DB79-352B-43B4-A929-BC5D7E50980D}.DebugGame Editor|LinuxAArch64.ActiveCfg = Invalid|Win32
		{EFF6DB79-352B-43B4-A929-BC5D7E50980D}.DebugGame Editor|Win32.ActiveCfg = Invalid|Win32
		{EFF6DB79-352B-43B4-A929-BC5D7E50980D}.DebugGame Editor|Win64.ActiveCfg = DebugGame_Editor|x64
		{EFF6DB79-352B-43B4-A929-BC5D7E50980D}.DebugGame Editor|Win64.Build.0 = DebugGame_Editor|x64
		{EFF6DB79-352B-43B4-A929-BC5D7E50980D}.DebugGame|Linux.ActiveCfg = Linux_DebugGame|Win32
		{EFF6DB79-352B-43B4-A929-BC5D7E50980D}.DebugGame|Linux.Build.0 = Linux_DebugGame|Win32
		{EFF6DB79-352B-43B4-A929-BC5D7E50980D}.DebugGame|LinuxAArch64.ActiveCfg = LinuxAArch64_DebugGame|Win32
		{EFF6DB79-352B-43B4-A929-BC5D7E50980D}.DebugGame|LinuxAArch64.Build.0 = LinuxAArch64_DebugGame|Win32
		{EFF6DB79-352B-43B4-A929-BC5D7E50980D}.DebugGame|Win32.ActiveCfg = DebugGame|Win32
		{EFF6DB79-352B-43B4-A929-BC5D7E50980D}.DebugGame|Win32.Build.0 = DebugGame|Win32
		{EFF6DB79-352B-43B4-A929-BC5D7E50980D}.DebugGame|Win64.ActiveCfg = DebugGame|x64
		{EFF6DB79-352B-43B4-A929-BC5D7E50980D}.DebugGame|Win64.Build.0 = DebugGame|x64
		{EFF6DB79-352B-43B4-A929-BC5D7E50980D}.Development Editor|Linux.ActiveCfg = Linux_Development_Editor|Win32
		{EFF6DB79-352B-43B4-A929-BC5D7E50980D}.Development Editor|Linux.Build.0 = Linux_Development_Editor|Win32
		{EFF6DB79-352B-43B4-A929-BC5D7E50980D}.Development Editor|LinuxAArch64.ActiveCfg = Invalid|Win32
		{EFF6DB79-352B-43B4-A929-BC5D7E50980D}.Development Editor|Win32.ActiveCfg = Invalid|Win32
		{EFF6DB79-352B-43B4-A929-BC5D7E50980D}.Development Editor|Win64.ActiveCfg = Development_Editor|x64
		{EFF6DB79-352B-43B4-A929-BC5D7E50980D}.Development Editor|Win64.Build.0 = Development_Editor|x64
		{EFF6DB79-352B-43B4-A929-BC5D7E50980D}.Development|Linux.ActiveCfg = Linux_Development|Win32
		{EFF6DB79-352B-43B4-A929-BC5D7E50980D}.Development|Linux.Build.0 = Linux_Development|Win32
		{EFF6DB79-352B-43B4-A929-BC5D7E50980D}.Development|LinuxAArch64.ActiveCfg = LinuxAArch64_Development|Win32
		{EFF6DB79-352B-43B4-A929-BC5D7E50980D}.Development|LinuxAArch64.Build.0 = LinuxAArch64_Development|Win32
		{EFF6DB79-352B-43B4-A929-BC5D7E50980D}.Development|Win32.ActiveCfg = Development|Win32
		{EFF6DB79-352B-43B4-A929-BC5D7E50980D}.Development|Win32.Build.0 = Development|Win32
		{EFF6DB79-352B-43B4-A929-BC5D7E50980D}.Development|Win64.ActiveCfg = Development|x64
		{EFF6DB79-352B-43B4-A929-BC5D7E50980D}.Development|Win64.Build.0 = Development|x64
		{EFF6DB79-352B-43B4-A929-BC5D7E50980D}.Shipping|Linux.ActiveCfg = Linux_Shipping|Win32
		{EFF6DB79-352B-43B4-A929-BC5D7E50980D}.Shipping|Linux.Build.0 = Linux_Shipping|Win32
		{EFF6DB79-352B-43B4-A929-BC5D7E50980D}.Shipping|LinuxAArch64.ActiveCfg = LinuxAArch64_Shipping|Win32
		{EFF6DB79-352B-43B4-A929-BC5D7E50980D}.Shipping|LinuxAArch64.Build.0 = LinuxAArch64_Shipping|Win32
		{EFF6DB79-352B-43B4-A929-BC5D7E50980D}.Shipping|Win32.ActiveCfg = Shipping|Win32
		{EFF6DB79-352B-43B4-A929-BC5D7E50980D}.Shipping|Win32.Build.0 = Shipping|Win32
		{EFF6DB79-352B-43B4-A929-BC5D7E50980D}.Shipping|Win64.ActiveCfg = Shipping|x64
		{EFF6DB79-352B-43B4-A929-BC5D7E50980D}.Shipping|Win64.Build.0 = Shipping|x64
	EndGlobalSection
	GlobalSection(SolutionProperties) = preSolution
		HideSolutionNode = FALSE
	EndGlobalSection
	GlobalSection(NestedProjects) = preSolution
		{19A47954-6E8C-4927-B3D5-5D59BFC9954C} = {94A6C6F3-99B3-346E-9557-ABF9D4064DBD}
		{EFF6DB79-352B-43B4-A929-BC5D7E50980D} = {8E2F6A87-1826-34F4-940C-CC23A48F9FE4}
	EndGlobalSection
EndGlobal
